
Microsoft Visual Studio Solution File, Format Version 12.00
# Visual Studio Version 17
VisualStudioVersion = 17.0.31912.275
MinimumVisualStudioVersion = 10.0.40219.1
Project("{FAE04EC0-301F-11D3-BF4B-00C04F79EFBC}") = "assignment4.Android", "assignment4\assignment4.Android\assignment4.Android.csproj", "{5635B495-38F8-418E-8CC2-A8EDA37F4FF1}"
EndProject
Project("{FAE04EC0-301F-11D3-BF4B-00C04F79EFBC}") = "assignment4.iOS", "assignment4\assignment4.iOS\assignment4.iOS.csproj", "{BCF9858D-8B21-42ED-A9A4-47F5937D0E70}"
EndProject
Project("{9A19103F-16F7-4668-BE54-9A1E7A4F7556}") = "assignment4", "assignment4\assignment4\assignment4.csproj", "{25509336-C825-4B9A-AA58-B50252E0E9FA}"
EndProject
Global
	GlobalSection(SolutionConfigurationPlatforms) = preSolution
		Debug|Any CPU = Debug|Any CPU
		Debug|iPhone = Debug|iPhone
		Debug|iPhoneSimulator = Debug|iPhoneSimulator
		Release|Any CPU = Release|Any CPU
		Release|iPhone = Release|iPhone
		Release|iPhoneSimulator = Release|iPhoneSimulator
	EndGlobalSection
	GlobalSection(ProjectConfigurationPlatforms) = postSolution
		{5635B495-38F8-418E-8CC2-A8EDA37F4FF1}.Debug|Any CPU.ActiveCfg = Debug|Any CPU
		{5635B495-38F8-418E-8CC2-A8EDA37F4FF1}.Debug|Any CPU.Build.0 = Debug|Any CPU
		{5635B495-38F8-418E-8CC2-A8EDA37F4FF1}.Debug|Any CPU.Deploy.0 = Debug|Any CPU
		{5635B495-38F8-418E-8CC2-A8EDA37F4FF1}.Debug|iPhone.ActiveCfg = Debug|Any CPU
		{5635B495-38F8-418E-8CC2-A8EDA37F4FF1}.Debug|iPhone.Build.0 = Debug|Any CPU
		{5635B495-38F8-418E-8CC2-A8EDA37F4FF1}.Debug|iPhone.Deploy.0 = Debug|Any CPU
		{5635B495-38F8-418E-8CC2-A8EDA37F4FF1}.Debug|iPhoneSimulator.ActiveCfg = Debug|Any CPU
		{5635B495-38F8-418E-8CC2-A8EDA37F4FF1}.Debug|iPhoneSimulator.Build.0 = Debug|Any CPU
		{5635B495-38F8-418E-8CC2-A8EDA37F4FF1}.Debug|iPhoneSimulator.Deploy.0 = Debug|Any CPU
		{5635B495-38F8-418E-8CC2-A8EDA37F4FF1}.Release|Any CPU.ActiveCfg = Release|Any CPU
		{5635B495-38F8-418E-8CC2-A8EDA37F4FF1}.Release|Any CPU.Build.0 = Release|Any CPU
		{5635B495-38F8-418E-8CC2-A8EDA37F4FF1}.Release|Any CPU.Deploy.0 = Release|Any CPU
		{5635B495-38F8-418E-8CC2-A8EDA37F4FF1}.Release|iPhone.ActiveCfg = Release|Any CPU
		{5635B495-38F8-418E-8CC2-A8EDA37F4FF1}.Release|iPhone.Build.0 = Release|Any CPU
		{5635B495-38F8-418E-8CC2-A8EDA37F4FF1}.Release|iPhone.Deploy.0 = Release|Any CPU
		{5635B495-38F8-418E-8CC2-A8EDA37F4FF1}.Release|iPhoneSimulator.ActiveCfg = Release|Any CPU
		{5635B495-38F8-418E-8CC2-A8EDA37F4FF1}.Release|iPhoneSimulator.Build.0 = Release|Any CPU
		{5635B495-38F8-418E-8CC2-A8EDA37F4FF1}.Release|iPhoneSimulator.Deploy.0 = Release|Any CPU
		{BCF9858D-8B21-42ED-A9A4-47F5937D0E70}.Debug|Any CPU.ActiveCfg = Debug|iPhone
		{BCF9858D-8B21-42ED-A9A4-47F5937D0E70}.Debug|Any CPU.Build.0 = Debug|iPhone
		{BCF9858D-8B21-42ED-A9A4-47F5937D0E70}.Debug|Any CPU.Deploy.0 = Debug|iPhone
		{BCF9858D-8B21-42ED-A9A4-47F5937D0E70}.Debug|iPhone.ActiveCfg = Debug|iPhone
		{BCF9858D-8B21-42ED-A9A4-47F5937D0E70}.Debug|iPhone.Build.0 = Debug|iPhone
		{BCF9858D-8B21-42ED-A9A4-47F5937D0E70}.Debug|iPhone.Deploy.0 = Debug|iPhone
		{BCF9858D-8B21-42ED-A9A4-47F5937D0E70}.Debug|iPhoneSimulator.ActiveCfg = Debug|iPhoneSimulator
		{BCF9858D-8B21-42ED-A9A4-47F5937D0E70}.Debug|iPhoneSimulator.Build.0 = Debug|iPhoneSimulator
		{BCF9858D-8B21-42ED-A9A4-47F5937D0E70}.Debug|iPhoneSimulator.Deploy.0 = Debug|iPhoneSimulator
		{BCF9858D-8B21-42ED-A9A4-47F5937D0E70}.Release|Any CPU.ActiveCfg = Release|iPhoneSimulator
		{BCF9858D-8B21-42ED-A9A4-47F5937D0E70}.Release|Any CPU.Build.0 = Release|iPhoneSimulator
		{BCF9858D-8B21-42ED-A9A4-47F5937D0E70}.Release|Any CPU.Deploy.0 = Release|iPhoneSimulator
		{BCF9858D-8B21-42ED-A9A4-47F5937D0E70}.Release|iPhone.ActiveCfg = Release|iPhone
		{BCF9858D-8B21-42ED-A9A4-47F5937D0E70}.Release|iPhone.Build.0 = Release|iPhone
		{BCF9858D-8B21-42ED-A9A4-47F5937D0E70}.Release|iPhone.Deploy.0 = Release|iPhone
		{BCF9858D-8B21-42ED-A9A4-47F5937D0E70}.Release|iPhoneSimulator.ActiveCfg = Release|iPhoneSimulator
		{BCF9858D-8B21-42ED-A9A4-47F5937D0E70}.Release|iPhoneSimulator.Build.0 = Release|iPhoneSimulator
		{BCF9858D-8B21-42ED-A9A4-47F5937D0E70}.Release|iPhoneSimulator.Deploy.0 = Release|iPhoneSimulator
		{25509336-C825-4B9A-AA58-B50252E0E9FA}.Debug|Any CPU.ActiveCfg = Debug|Any CPU
		{25509336-C825-4B9A-AA58-B50252E0E9FA}.Debug|Any CPU.Build.0 = Debug|Any CPU
		{25509336-C825-4B9A-AA58-B50252E0E9FA}.Debug|Any CPU.Deploy.0 = Debug|Any CPU
		{25509336-C825-4B9A-AA58-B50252E0E9FA}.Debug|iPhone.ActiveCfg = Debug|Any CPU
		{25509336-C825-4B9A-AA58-B50252E0E9FA}.Debug|iPhone.Build.0 = Debug|Any CPU
		{25509336-C825-4B9A-AA58-B50252E0E9FA}.Debug|iPhone.Deploy.0 = Debug|Any CPU
		{25509336-C825-4B9A-AA58-B50252E0E9FA}.Debug|iPhoneSimulator.ActiveCfg = Debug|Any CPU
		{25509336-C825-4B9A-AA58-B50252E0E9FA}.Debug|iPhoneSimulator.Build.0 = Debug|Any CPU
		{25509336-C825-4B9A-AA58-B50252E0E9FA}.Debug|iPhoneSimulator.Deploy.0 = Debug|Any CPU
		{25509336-C825-4B9A-AA58-B50252E0E9FA}.Release|Any CPU.ActiveCfg = Release|Any CPU
		{25509336-C825-4B9A-AA58-B50252E0E9FA}.Release|Any CPU.Build.0 = Release|Any CPU
		{25509336-C825-4B9A-AA58-B50252E0E9FA}.Release|Any CPU.Deploy.0 = Release|Any CPU
		{25509336-C825-4B9A-AA58-B50252E0E9FA}.Release|iPhone.ActiveCfg = Release|Any CPU
		{25509336-C825-4B9A-AA58-B50252E0E9FA}.Release|iPhone.Build.0 = Release|Any CPU
		{25509336-C825-4B9A-AA58-B50252E0E9FA}.Release|iPhone.Deploy.0 = Release|Any CPU
		{25509336-C825-4B9A-AA58-B50252E0E9FA}.Release|iPhoneSimulator.ActiveCfg = Release|Any CPU
		{25509336-C825-4B9A-AA58-B50252E0E9FA}.Release|iPhoneSimulator.Build.0 = Release|Any CPU
		{25509336-C825-4B9A-AA58-B50252E0E9FA}.Release|iPhoneSimulator.Deploy.0 = Release|Any CPU
	EndGlobalSection
	GlobalSection(SolutionProperties) = preSolution
		HideSolutionNode = FALSE
	EndGlobalSection
	GlobalSection(ExtensibilityGlobals) = postSolution
		SolutionGuid = {79B89392-C8F0-4165-89DE-C4595F1A46BD}
	EndGlobalSection
EndGlobal
